
Microsoft Visual Studio Solution File, Format Version 12.00
# Visual Studio Version 17
VisualStudioVersion = 17.3.32825.248
MinimumVisualStudioVersion = 10.0.40219.1
Project("{FAE04EC0-301F-11D3-BF4B-00C04F79EFBC}") = "OOPPr2.4", "OOPPr2.4\OOPPr2.4.csproj", "{4926EEA8-EF74-4ADE-8EB3-21C7919AE417}"
EndProject
Global
	GlobalSection(SolutionConfigurationPlatforms) = preSolution
		Debug|Any CPU = Debug|Any CPU
		Release|Any CPU = Release|Any CPU
	EndGlobalSection
	GlobalSection(ProjectConfigurationPlatforms) = postSolution
		{4926EEA8-EF74-4ADE-8EB3-21C7919AE417}.Debug|Any CPU.ActiveCfg = Debug|Any CPU
		{4926EEA8-EF74-4ADE-8EB3-21C7919AE417}.Debug|Any CPU.Build.0 = Debug|Any CPU
		{4926EEA8-EF74-4ADE-8EB3-21C7919AE417}.Release|Any CPU.ActiveCfg = Release|Any CPU
		{4926EEA8-EF74-4ADE-8EB3-21C7919AE417}.Release|Any CPU.Build.0 = Release|Any CPU
	EndGlobalSection
	GlobalSection(SolutionProperties) = preSolution
		HideSolutionNode = FALSE
	EndGlobalSection
	GlobalSection(ExtensibilityGlobals) = postSolution
		SolutionGuid = {C7D48A3B-A4C4-4E57-9038-9678902F0568}
	EndGlobalSection
EndGlobal
